
Microsoft Visual Studio Solution File, Format Version 11.00
# Visual Studio 2010
Project("{FAE04EC0-301F-11D3-BF4B-00C04F79EFBC}") = "TVD2MXF", "TVD2MXF\TVD2MXF.csproj", "{C78EAE9C-07C5-4F3A-9E60-096614074929}"
EndProject
Global
	GlobalSection(SolutionConfigurationPlatforms) = preSolution
		Debug|Any CPU = Debug|Any CPU
		Release|Any CPU = Release|Any CPU
	EndGlobalSection
	GlobalSection(ProjectConfigurationPlatforms) = postSolution
		{C78EAE9C-07C5-4F3A-9E60-096614074929}.Debug|Any CPU.ActiveCfg = Debug|Any CPU
		{C78EAE9C-07C5-4F3A-9E60-096614074929}.Debug|Any CPU.Build.0 = Debug|Any CPU
		{C78EAE9C-07C5-4F3A-9E60-096614074929}.Release|Any CPU.ActiveCfg = Release|Any CPU
		{C78EAE9C-07C5-4F3A-9E60-096614074929}.Release|Any CPU.Build.0 = Release|Any CPU
	EndGlobalSection
	GlobalSection(SolutionProperties) = preSolution
		HideSolutionNode = FALSE
	EndGlobalSection
EndGlobal
