
Microsoft Visual Studio Solution File, Format Version 12.00
# Visual Studio 15
VisualStudioVersion = 15.0.26403.7
MinimumVisualStudioVersion = 10.0.40219.1
Project("{8BC9CEB8-8B4A-11D0-8D11-00A0C91BC942}") = "ASTP", "Build\VC2017\ASTP.vcxproj", "{BAE34D87-5EAE-491C-AE6D-73B6B1E487D2}"
EndProject
Project("{8BC9CEB8-8B4A-11D0-8D11-00A0C91BC942}") = "Crawler", "Build\VC2017\Crawler.vcxproj", "{BAAA2ADB-0507-4E33-9E80-23CEE3B74E37}"
EndProject
Project("{8BC9CEB8-8B4A-11D0-8D11-00A0C91BC942}") = "LRV", "Build\VC2017\LRV.vcxproj", "{C0954BF4-D9FE-40D3-971A-CC70D7E65434}"
EndProject
Project("{8BC9CEB8-8B4A-11D0-8D11-00A0C91BC942}") = "ML", "Build\VC2017\ML.vcxproj", "{D6FBF84B-F71B-4E9E-ABBF-366CA5E1D3B1}"
EndProject
Project("{8BC9CEB8-8B4A-11D0-8D11-00A0C91BC942}") = "MSS", "Build\VC2017\MSS.vcxproj", "{365AC3FB-ADDB-4176-94B5-C8118A39C37D}"
EndProject
Project("{8BC9CEB8-8B4A-11D0-8D11-00A0C91BC942}") = "PanelSDK", "Build\VC2017\PanelSDK.vcxproj", "{98EC3BF0-C9FF-4C38-91E1-159D8F3700C1}"
EndProject
Project("{8BC9CEB8-8B4A-11D0-8D11-00A0C91BC942}") = "LEM", "Build\VC2017\LEM.vcxproj", "{1E53A199-CCDF-4FCF-B2E8-5F8FF80AFEC8}"
	ProjectSection(ProjectDependencies) = postProject
		{98EC3BF0-C9FF-4C38-91E1-159D8F3700C1} = {98EC3BF0-C9FF-4C38-91E1-159D8F3700C1}
	EndProjectSection
EndProject
Project("{8BC9CEB8-8B4A-11D0-8D11-00A0C91BC942}") = "SIVb", "Build\VC2017\SIVb.vcxproj", "{1FD6B39B-FC9F-4219-AB56-4F7D698EEEC4}"
EndProject
Project("{8BC9CEB8-8B4A-11D0-8D11-00A0C91BC942}") = "Sat1Abort1", "Build\VC2017\Sat1Abort1.vcxproj", "{1C98109C-791B-4563-AA9C-D02963D2AEC1}"
EndProject
Project("{8BC9CEB8-8B4A-11D0-8D11-00A0C91BC942}") = "Sat1Abort2", "Build\VC2017\Sat1Abort2.vcxproj", "{D62F2884-7E90-4A13-B41D-1BCFFCB6F6C6}"
EndProject
Project("{8BC9CEB8-8B4A-11D0-8D11-00A0C91BC942}") = "Sat5Abort1", "Build\VC2017\Sat5Abort1.vcxproj", "{BD695BAF-A2E9-4E65-804A-CEBB4A45DF78}"
EndProject
Project("{8BC9CEB8-8B4A-11D0-8D11-00A0C91BC942}") = "Sat5Abort2", "Build\VC2017\Sat5Abort2.vcxproj", "{CCCE5F37-9749-4E83-A9F5-893855CD1850}"
EndProject
Project("{8BC9CEB8-8B4A-11D0-8D11-00A0C91BC942}") = "Saturn1b", "Build\VC2017\Saturn1b.vcxproj", "{1151EE87-AB2E-4ABD-B0EB-EC5974A0BC9A}"
EndProject
Project("{8BC9CEB8-8B4A-11D0-8D11-00A0C91BC942}") = "Saturn5NASP", "Build\VC2017\Saturn5NASP.vcxproj", "{5AE2D199-E94E-4E65-A0F5-7242EE0227E9}"
EndProject
Project("{8BC9CEB8-8B4A-11D0-8D11-00A0C91BC942}") = "EVA", "Build\VC2017\EVA.vcxproj", "{4427BC2F-CA34-48A6-8EC3-DF7CAC42F11E}"
EndProject
Project("{8BC9CEB8-8B4A-11D0-8D11-00A0C91BC942}") = "LEVA", "Build\VC2017\LEVA.vcxproj", "{433314D0-A173-4041-8DB8-7641B7ED4D08}"
EndProject
Project("{8BC9CEB8-8B4A-11D0-8D11-00A0C91BC942}") = "VAB", "Build\VC2017\VAB.vcxproj", "{9A4119F5-6936-4C1A-8A40-EBDA0808348A}"
EndProject
Project("{8BC9CEB8-8B4A-11D0-8D11-00A0C91BC942}") = "s1b", "Build\VC2017\s1b.vcxproj", "{0A2BCE86-18E7-43DF-9BBF-F11EA7EB3469}"
EndProject
Project("{8BC9CEB8-8B4A-11D0-8D11-00A0C91BC942}") = "s1c", "Build\VC2017\s1c.vcxproj", "{6CD92808-91D8-4A49-BCF9-6FADD43FBC83}"
EndProject
Project("{8BC9CEB8-8B4A-11D0-8D11-00A0C91BC942}") = "sii", "Build\VC2017\sii.vcxproj", "{D09FA383-CE66-4640-B8A8-0EA789A8D34A}"
EndProject
Project("{8BC9CEB8-8B4A-11D0-8D11-00A0C91BC942}") = "sm", "Build\VC2017\sm.vcxproj", "{D1B7F820-4A7A-47CB-BDB2-62E8B8C29F61}"
EndProject
Project("{8BC9CEB8-8B4A-11D0-8D11-00A0C91BC942}") = "LES", "Build\VC2017\LES.vcxproj", "{0046609E-6A36-4A27-B328-D2291BF4A163}"
EndProject
Project("{8BC9CEB8-8B4A-11D0-8D11-00A0C91BC942}") = "ProjectApolloMFD", "Build\VC2017\ProjectApolloMFD.vcxproj", "{91D2B2E0-D1EC-45B5-AEF4-52D1273652FD}"
EndProject
Project("{8BC9CEB8-8B4A-11D0-8D11-00A0C91BC942}") = "Floodlight", "Build\VC2017\Floodlight.vcxproj", "{FAE04EC0-301F-11D3-BF4B-00C04F79EFBC}"
EndProject
Project("{8BC9CEB8-8B4A-11D0-8D11-00A0C91BC942}") = "ProjectApolloConfigurator", "Build\VC2017\ProjectApolloConfigurator.vcxproj", "{73EF2265-3791-4C67-89A0-9DA47D663144}"
EndProject
Project("{8BC9CEB8-8B4A-11D0-8D11-00A0C91BC942}") = "LC34", "Build\VC2017\LC34.vcxproj", "{7347CF0C-0A9B-4987-A811-98E7B8008B0D}"
EndProject
Project("{8BC9CEB8-8B4A-11D0-8D11-00A0C91BC942}") = "FloatBag", "Build\VC2017\FloatBag.vcxproj", "{FE06FF4C-6772-48C7-9FFB-BCA00CBA8DA1}"
EndProject
Project("{8BC9CEB8-8B4A-11D0-8D11-00A0C91BC942}") = "CMChute", "Build\VC2017\CMChute.vcxproj", "{68F2AA4E-3774-4A03-947D-9890DF0E73C5}"
EndProject
Project("{8BC9CEB8-8B4A-11D0-8D11-00A0C91BC942}") = "ApolloRTCCMFD", "Build\VC2017\ApolloRTCCMFD.vcxproj", "{3F97A697-44DB-4A22-A5F3-7168A990B3C0}"
EndProject
Project("{8BC9CEB8-8B4A-11D0-8D11-00A0C91BC942}") = "MCC", "Build\VC2017\MCC.vcxproj", "{E38D5A31-C96D-437E-A495-4314EF198CEB}"
EndProject
Project("{8BC9CEB8-8B4A-11D0-8D11-00A0C91BC942}") = "Sat5LMDSC", "Build\VC2017\Sat5LMDSC.vcxproj", "{A3B0AACD-C28C-4E02-9385-901383E91AF5}"
EndProject
Project("{8BC9CEB8-8B4A-11D0-8D11-00A0C91BC942}") = "LC37", "Build\VC2017\LC37.vcxproj", "{1DE45393-14EC-4D29-A2F8-61FC60C2C286}"
EndProject
Project("{8BC9CEB8-8B4A-11D0-8D11-00A0C91BC942}") = "Sat5Abort3", "Build\VC2017\Sat5Abort3.vcxproj", "{16DA84DA-79DC-4631-B5A6-4D31433433AD}"
EndProject
Project("{8BC9CEB8-8B4A-11D0-8D11-00A0C91BC942}") = "LCC", "Build\VC2017\LCC.vcxproj", "{828862FD-26AA-46FB-9F5B-92C6F522FE4F}"
EndProject
Global
	GlobalSection(SolutionConfigurationPlatforms) = preSolution
		Debug|Win32 = Debug|Win32
		Debug|x64 = Debug|x64
		Release|Win32 = Release|Win32
		Release|x64 = Release|x64
	EndGlobalSection
	GlobalSection(ProjectConfigurationPlatforms) = postSolution
		{BAE34D87-5EAE-491C-AE6D-73B6B1E487D2}.Debug|Win32.ActiveCfg = Debug|Win32
		{BAE34D87-5EAE-491C-AE6D-73B6B1E487D2}.Debug|Win32.Build.0 = Debug|Win32
		{BAE34D87-5EAE-491C-AE6D-73B6B1E487D2}.Debug|x64.ActiveCfg = Debug|Win32
		{BAE34D87-5EAE-491C-AE6D-73B6B1E487D2}.Release|Win32.ActiveCfg = Release|Win32
		{BAE34D87-5EAE-491C-AE6D-73B6B1E487D2}.Release|Win32.Build.0 = Release|Win32
		{BAE34D87-5EAE-491C-AE6D-73B6B1E487D2}.Release|x64.ActiveCfg = Release|Win32
		{BAAA2ADB-0507-4E33-9E80-23CEE3B74E37}.Debug|Win32.ActiveCfg = Debug|Win32
		{BAAA2ADB-0507-4E33-9E80-23CEE3B74E37}.Debug|Win32.Build.0 = Debug|Win32
		{BAAA2ADB-0507-4E33-9E80-23CEE3B74E37}.Debug|x64.ActiveCfg = Debug|Win32
		{BAAA2ADB-0507-4E33-9E80-23CEE3B74E37}.Release|Win32.ActiveCfg = Release|Win32
		{BAAA2ADB-0507-4E33-9E80-23CEE3B74E37}.Release|Win32.Build.0 = Release|Win32
		{BAAA2ADB-0507-4E33-9E80-23CEE3B74E37}.Release|x64.ActiveCfg = Release|Win32
		{C0954BF4-D9FE-40D3-971A-CC70D7E65434}.Debug|Win32.ActiveCfg = Debug|Win32
		{C0954BF4-D9FE-40D3-971A-CC70D7E65434}.Debug|Win32.Build.0 = Debug|Win32
		{C0954BF4-D9FE-40D3-971A-CC70D7E65434}.Debug|x64.ActiveCfg = Debug|Win32
		{C0954BF4-D9FE-40D3-971A-CC70D7E65434}.Release|Win32.ActiveCfg = Release|Win32
		{C0954BF4-D9FE-40D3-971A-CC70D7E65434}.Release|Win32.Build.0 = Release|Win32
		{C0954BF4-D9FE-40D3-971A-CC70D7E65434}.Release|x64.ActiveCfg = Release|Win32
		{D6FBF84B-F71B-4E9E-ABBF-366CA5E1D3B1}.Debug|Win32.ActiveCfg = Debug|Win32
		{D6FBF84B-F71B-4E9E-ABBF-366CA5E1D3B1}.Debug|Win32.Build.0 = Debug|Win32
		{D6FBF84B-F71B-4E9E-ABBF-366CA5E1D3B1}.Debug|x64.ActiveCfg = Debug|Win32
		{D6FBF84B-F71B-4E9E-ABBF-366CA5E1D3B1}.Release|Win32.ActiveCfg = Release|Win32
		{D6FBF84B-F71B-4E9E-ABBF-366CA5E1D3B1}.Release|Win32.Build.0 = Release|Win32
		{D6FBF84B-F71B-4E9E-ABBF-366CA5E1D3B1}.Release|x64.ActiveCfg = Release|Win32
		{365AC3FB-ADDB-4176-94B5-C8118A39C37D}.Debug|Win32.ActiveCfg = Debug|Win32
		{365AC3FB-ADDB-4176-94B5-C8118A39C37D}.Debug|Win32.Build.0 = Debug|Win32
		{365AC3FB-ADDB-4176-94B5-C8118A39C37D}.Debug|x64.ActiveCfg = Debug|Win32
		{365AC3FB-ADDB-4176-94B5-C8118A39C37D}.Release|Win32.ActiveCfg = Release|Win32
		{365AC3FB-ADDB-4176-94B5-C8118A39C37D}.Release|Win32.Build.0 = Release|Win32
		{365AC3FB-ADDB-4176-94B5-C8118A39C37D}.Release|x64.ActiveCfg = Release|Win32
		{98EC3BF0-C9FF-4C38-91E1-159D8F3700C1}.Debug|Win32.ActiveCfg = Debug|Win32
		{98EC3BF0-C9FF-4C38-91E1-159D8F3700C1}.Debug|Win32.Build.0 = Debug|Win32
		{98EC3BF0-C9FF-4C38-91E1-159D8F3700C1}.Debug|x64.ActiveCfg = Debug|Win32
		{98EC3BF0-C9FF-4C38-91E1-159D8F3700C1}.Release|Win32.ActiveCfg = Release|Win32
		{98EC3BF0-C9FF-4C38-91E1-159D8F3700C1}.Release|Win32.Build.0 = Release|Win32
		{98EC3BF0-C9FF-4C38-91E1-159D8F3700C1}.Release|x64.ActiveCfg = Release|Win32
		{1E53A199-CCDF-4FCF-B2E8-5F8FF80AFEC8}.Debug|Win32.ActiveCfg = Debug|Win32
		{1E53A199-CCDF-4FCF-B2E8-5F8FF80AFEC8}.Debug|Win32.Build.0 = Debug|Win32
		{1E53A199-CCDF-4FCF-B2E8-5F8FF80AFEC8}.Debug|x64.ActiveCfg = Debug|Win32
		{1E53A199-CCDF-4FCF-B2E8-5F8FF80AFEC8}.Release|Win32.ActiveCfg = Release|Win32
		{1E53A199-CCDF-4FCF-B2E8-5F8FF80AFEC8}.Release|Win32.Build.0 = Release|Win32
		{1E53A199-CCDF-4FCF-B2E8-5F8FF80AFEC8}.Release|x64.ActiveCfg = Release|Win32
		{1FD6B39B-FC9F-4219-AB56-4F7D698EEEC4}.Debug|Win32.ActiveCfg = Debug|Win32
		{1FD6B39B-FC9F-4219-AB56-4F7D698EEEC4}.Debug|Win32.Build.0 = Debug|Win32
		{1FD6B39B-FC9F-4219-AB56-4F7D698EEEC4}.Debug|x64.ActiveCfg = Debug|Win32
		{1FD6B39B-FC9F-4219-AB56-4F7D698EEEC4}.Release|Win32.ActiveCfg = Release|Win32
		{1FD6B39B-FC9F-4219-AB56-4F7D698EEEC4}.Release|Win32.Build.0 = Release|Win32
		{1FD6B39B-FC9F-4219-AB56-4F7D698EEEC4}.Release|x64.ActiveCfg = Release|Win32
		{1C98109C-791B-4563-AA9C-D02963D2AEC1}.Debug|Win32.ActiveCfg = Debug|Win32
		{1C98109C-791B-4563-AA9C-D02963D2AEC1}.Debug|Win32.Build.0 = Debug|Win32
		{1C98109C-791B-4563-AA9C-D02963D2AEC1}.Debug|x64.ActiveCfg = Debug|Win32
		{1C98109C-791B-4563-AA9C-D02963D2AEC1}.Release|Win32.ActiveCfg = Release|Win32
		{1C98109C-791B-4563-AA9C-D02963D2AEC1}.Release|Win32.Build.0 = Release|Win32
		{1C98109C-791B-4563-AA9C-D02963D2AEC1}.Release|x64.ActiveCfg = Release|Win32
		{D62F2884-7E90-4A13-B41D-1BCFFCB6F6C6}.Debug|Win32.ActiveCfg = Debug|Win32
		{D62F2884-7E90-4A13-B41D-1BCFFCB6F6C6}.Debug|Win32.Build.0 = Debug|Win32
		{D62F2884-7E90-4A13-B41D-1BCFFCB6F6C6}.Debug|x64.ActiveCfg = Debug|Win32
		{D62F2884-7E90-4A13-B41D-1BCFFCB6F6C6}.Release|Win32.ActiveCfg = Release|Win32
		{D62F2884-7E90-4A13-B41D-1BCFFCB6F6C6}.Release|Win32.Build.0 = Release|Win32
		{D62F2884-7E90-4A13-B41D-1BCFFCB6F6C6}.Release|x64.ActiveCfg = Release|Win32
		{BD695BAF-A2E9-4E65-804A-CEBB4A45DF78}.Debug|Win32.ActiveCfg = Debug|Win32
		{BD695BAF-A2E9-4E65-804A-CEBB4A45DF78}.Debug|Win32.Build.0 = Debug|Win32
		{BD695BAF-A2E9-4E65-804A-CEBB4A45DF78}.Debug|x64.ActiveCfg = Debug|Win32
		{BD695BAF-A2E9-4E65-804A-CEBB4A45DF78}.Release|Win32.ActiveCfg = Release|Win32
		{BD695BAF-A2E9-4E65-804A-CEBB4A45DF78}.Release|Win32.Build.0 = Release|Win32
		{BD695BAF-A2E9-4E65-804A-CEBB4A45DF78}.Release|x64.ActiveCfg = Release|Win32
		{CCCE5F37-9749-4E83-A9F5-893855CD1850}.Debug|Win32.ActiveCfg = Debug|Win32
		{CCCE5F37-9749-4E83-A9F5-893855CD1850}.Debug|Win32.Build.0 = Debug|Win32
		{CCCE5F37-9749-4E83-A9F5-893855CD1850}.Debug|x64.ActiveCfg = Debug|Win32
		{CCCE5F37-9749-4E83-A9F5-893855CD1850}.Release|Win32.ActiveCfg = Release|Win32
		{CCCE5F37-9749-4E83-A9F5-893855CD1850}.Release|Win32.Build.0 = Release|Win32
		{CCCE5F37-9749-4E83-A9F5-893855CD1850}.Release|x64.ActiveCfg = Release|Win32
		{1151EE87-AB2E-4ABD-B0EB-EC5974A0BC9A}.Debug|Win32.ActiveCfg = Debug|Win32
		{1151EE87-AB2E-4ABD-B0EB-EC5974A0BC9A}.Debug|Win32.Build.0 = Debug|Win32
		{1151EE87-AB2E-4ABD-B0EB-EC5974A0BC9A}.Debug|x64.ActiveCfg = Debug|Win32
		{1151EE87-AB2E-4ABD-B0EB-EC5974A0BC9A}.Release|Win32.ActiveCfg = Release|Win32
		{1151EE87-AB2E-4ABD-B0EB-EC5974A0BC9A}.Release|Win32.Build.0 = Release|Win32
		{1151EE87-AB2E-4ABD-B0EB-EC5974A0BC9A}.Release|x64.ActiveCfg = Release|Win32
		{5AE2D199-E94E-4E65-A0F5-7242EE0227E9}.Debug|Win32.ActiveCfg = Debug|Win32
		{5AE2D199-E94E-4E65-A0F5-7242EE0227E9}.Debug|Win32.Build.0 = Debug|Win32
		{5AE2D199-E94E-4E65-A0F5-7242EE0227E9}.Debug|x64.ActiveCfg = Debug|Win32
		{5AE2D199-E94E-4E65-A0F5-7242EE0227E9}.Release|Win32.ActiveCfg = Release|Win32
		{5AE2D199-E94E-4E65-A0F5-7242EE0227E9}.Release|Win32.Build.0 = Release|Win32
		{5AE2D199-E94E-4E65-A0F5-7242EE0227E9}.Release|x64.ActiveCfg = Release|Win32
		{4427BC2F-CA34-48A6-8EC3-DF7CAC42F11E}.Debug|Win32.ActiveCfg = Debug|Win32
		{4427BC2F-CA34-48A6-8EC3-DF7CAC42F11E}.Debug|Win32.Build.0 = Debug|Win32
		{4427BC2F-CA34-48A6-8EC3-DF7CAC42F11E}.Debug|x64.ActiveCfg = Debug|Win32
		{4427BC2F-CA34-48A6-8EC3-DF7CAC42F11E}.Release|Win32.ActiveCfg = Release|Win32
		{4427BC2F-CA34-48A6-8EC3-DF7CAC42F11E}.Release|Win32.Build.0 = Release|Win32
		{4427BC2F-CA34-48A6-8EC3-DF7CAC42F11E}.Release|x64.ActiveCfg = Release|Win32
		{433314D0-A173-4041-8DB8-7641B7ED4D08}.Debug|Win32.ActiveCfg = Debug|Win32
		{433314D0-A173-4041-8DB8-7641B7ED4D08}.Debug|Win32.Build.0 = Debug|Win32
		{433314D0-A173-4041-8DB8-7641B7ED4D08}.Debug|x64.ActiveCfg = Debug|Win32
		{433314D0-A173-4041-8DB8-7641B7ED4D08}.Release|Win32.ActiveCfg = Release|Win32
		{433314D0-A173-4041-8DB8-7641B7ED4D08}.Release|Win32.Build.0 = Release|Win32
		{433314D0-A173-4041-8DB8-7641B7ED4D08}.Release|x64.ActiveCfg = Release|Win32
		{9A4119F5-6936-4C1A-8A40-EBDA0808348A}.Debug|Win32.ActiveCfg = Debug|Win32
		{9A4119F5-6936-4C1A-8A40-EBDA0808348A}.Debug|Win32.Build.0 = Debug|Win32
		{9A4119F5-6936-4C1A-8A40-EBDA0808348A}.Debug|x64.ActiveCfg = Debug|Win32
		{9A4119F5-6936-4C1A-8A40-EBDA0808348A}.Release|Win32.ActiveCfg = Release|Win32
		{9A4119F5-6936-4C1A-8A40-EBDA0808348A}.Release|Win32.Build.0 = Release|Win32
		{9A4119F5-6936-4C1A-8A40-EBDA0808348A}.Release|x64.ActiveCfg = Release|Win32
		{0A2BCE86-18E7-43DF-9BBF-F11EA7EB3469}.Debug|Win32.ActiveCfg = Debug|Win32
		{0A2BCE86-18E7-43DF-9BBF-F11EA7EB3469}.Debug|Win32.Build.0 = Debug|Win32
		{0A2BCE86-18E7-43DF-9BBF-F11EA7EB3469}.Debug|x64.ActiveCfg = Debug|Win32
		{0A2BCE86-18E7-43DF-9BBF-F11EA7EB3469}.Release|Win32.ActiveCfg = Release|Win32
		{0A2BCE86-18E7-43DF-9BBF-F11EA7EB3469}.Release|Win32.Build.0 = Release|Win32
		{0A2BCE86-18E7-43DF-9BBF-F11EA7EB3469}.Release|x64.ActiveCfg = Release|Win32
		{6CD92808-91D8-4A49-BCF9-6FADD43FBC83}.Debug|Win32.ActiveCfg = Debug|Win32
		{6CD92808-91D8-4A49-BCF9-6FADD43FBC83}.Debug|Win32.Build.0 = Debug|Win32
		{6CD92808-91D8-4A49-BCF9-6FADD43FBC83}.Debug|x64.ActiveCfg = Debug|Win32
		{6CD92808-91D8-4A49-BCF9-6FADD43FBC83}.Release|Win32.ActiveCfg = Release|Win32
		{6CD92808-91D8-4A49-BCF9-6FADD43FBC83}.Release|Win32.Build.0 = Release|Win32
		{6CD92808-91D8-4A49-BCF9-6FADD43FBC83}.Release|x64.ActiveCfg = Release|Win32
		{D09FA383-CE66-4640-B8A8-0EA789A8D34A}.Debug|Win32.ActiveCfg = Debug|Win32
		{D09FA383-CE66-4640-B8A8-0EA789A8D34A}.Debug|Win32.Build.0 = Debug|Win32
		{D09FA383-CE66-4640-B8A8-0EA789A8D34A}.Debug|x64.ActiveCfg = Debug|Win32
		{D09FA383-CE66-4640-B8A8-0EA789A8D34A}.Release|Win32.ActiveCfg = Release|Win32
		{D09FA383-CE66-4640-B8A8-0EA789A8D34A}.Release|Win32.Build.0 = Release|Win32
		{D09FA383-CE66-4640-B8A8-0EA789A8D34A}.Release|x64.ActiveCfg = Release|Win32
		{D1B7F820-4A7A-47CB-BDB2-62E8B8C29F61}.Debug|Win32.ActiveCfg = Debug|Win32
		{D1B7F820-4A7A-47CB-BDB2-62E8B8C29F61}.Debug|Win32.Build.0 = Debug|Win32
		{D1B7F820-4A7A-47CB-BDB2-62E8B8C29F61}.Debug|x64.ActiveCfg = Debug|Win32
		{D1B7F820-4A7A-47CB-BDB2-62E8B8C29F61}.Release|Win32.ActiveCfg = Release|Win32
		{D1B7F820-4A7A-47CB-BDB2-62E8B8C29F61}.Release|Win32.Build.0 = Release|Win32
		{D1B7F820-4A7A-47CB-BDB2-62E8B8C29F61}.Release|x64.ActiveCfg = Release|Win32
		{0046609E-6A36-4A27-B328-D2291BF4A163}.Debug|Win32.ActiveCfg = Debug|Win32
		{0046609E-6A36-4A27-B328-D2291BF4A163}.Debug|Win32.Build.0 = Debug|Win32
		{0046609E-6A36-4A27-B328-D2291BF4A163}.Debug|x64.ActiveCfg = Debug|Win32
		{0046609E-6A36-4A27-B328-D2291BF4A163}.Release|Win32.ActiveCfg = Release|Win32
		{0046609E-6A36-4A27-B328-D2291BF4A163}.Release|Win32.Build.0 = Release|Win32
		{0046609E-6A36-4A27-B328-D2291BF4A163}.Release|x64.ActiveCfg = Release|Win32
		{91D2B2E0-D1EC-45B5-AEF4-52D1273652FD}.Debug|Win32.ActiveCfg = Debug|Win32
		{91D2B2E0-D1EC-45B5-AEF4-52D1273652FD}.Debug|Win32.Build.0 = Debug|Win32
		{91D2B2E0-D1EC-45B5-AEF4-52D1273652FD}.Debug|x64.ActiveCfg = Debug|Win32
		{91D2B2E0-D1EC-45B5-AEF4-52D1273652FD}.Release|Win32.ActiveCfg = Release|Win32
		{91D2B2E0-D1EC-45B5-AEF4-52D1273652FD}.Release|Win32.Build.0 = Release|Win32
		{91D2B2E0-D1EC-45B5-AEF4-52D1273652FD}.Release|x64.ActiveCfg = Release|Win32
		{FAE04EC0-301F-11D3-BF4B-00C04F79EFBC}.Debug|Win32.ActiveCfg = Debug|Win32
		{FAE04EC0-301F-11D3-BF4B-00C04F79EFBC}.Debug|Win32.Build.0 = Debug|Win32
		{FAE04EC0-301F-11D3-BF4B-00C04F79EFBC}.Debug|x64.ActiveCfg = Debug|Win32
		{FAE04EC0-301F-11D3-BF4B-00C04F79EFBC}.Release|Win32.ActiveCfg = Release|Win32
		{FAE04EC0-301F-11D3-BF4B-00C04F79EFBC}.Release|Win32.Build.0 = Release|Win32
		{FAE04EC0-301F-11D3-BF4B-00C04F79EFBC}.Release|x64.ActiveCfg = Release|Win32
		{73EF2265-3791-4C67-89A0-9DA47D663144}.Debug|Win32.ActiveCfg = Debug|Win32
		{73EF2265-3791-4C67-89A0-9DA47D663144}.Debug|Win32.Build.0 = Debug|Win32
		{73EF2265-3791-4C67-89A0-9DA47D663144}.Debug|x64.ActiveCfg = Debug|Win32
		{73EF2265-3791-4C67-89A0-9DA47D663144}.Release|Win32.ActiveCfg = Release|Win32
		{73EF2265-3791-4C67-89A0-9DA47D663144}.Release|Win32.Build.0 = Release|Win32
		{73EF2265-3791-4C67-89A0-9DA47D663144}.Release|x64.ActiveCfg = Release|Win32
		{7347CF0C-0A9B-4987-A811-98E7B8008B0D}.Debug|Win32.ActiveCfg = Debug|Win32
		{7347CF0C-0A9B-4987-A811-98E7B8008B0D}.Debug|Win32.Build.0 = Debug|Win32
		{7347CF0C-0A9B-4987-A811-98E7B8008B0D}.Debug|x64.ActiveCfg = Debug|Win32
		{7347CF0C-0A9B-4987-A811-98E7B8008B0D}.Release|Win32.ActiveCfg = Release|Win32
		{7347CF0C-0A9B-4987-A811-98E7B8008B0D}.Release|Win32.Build.0 = Release|Win32
		{7347CF0C-0A9B-4987-A811-98E7B8008B0D}.Release|x64.ActiveCfg = Release|Win32
		{FE06FF4C-6772-48C7-9FFB-BCA00CBA8DA1}.Debug|Win32.ActiveCfg = Debug|Win32
		{FE06FF4C-6772-48C7-9FFB-BCA00CBA8DA1}.Debug|Win32.Build.0 = Debug|Win32
		{FE06FF4C-6772-48C7-9FFB-BCA00CBA8DA1}.Debug|x64.ActiveCfg = Debug|Win32
		{FE06FF4C-6772-48C7-9FFB-BCA00CBA8DA1}.Release|Win32.ActiveCfg = Release|Win32
		{FE06FF4C-6772-48C7-9FFB-BCA00CBA8DA1}.Release|Win32.Build.0 = Release|Win32
		{FE06FF4C-6772-48C7-9FFB-BCA00CBA8DA1}.Release|x64.ActiveCfg = Release|Win32
		{68F2AA4E-3774-4A03-947D-9890DF0E73C5}.Debug|Win32.ActiveCfg = Debug|Win32
		{68F2AA4E-3774-4A03-947D-9890DF0E73C5}.Debug|Win32.Build.0 = Debug|Win32
		{68F2AA4E-3774-4A03-947D-9890DF0E73C5}.Debug|x64.ActiveCfg = Debug|Win32
		{68F2AA4E-3774-4A03-947D-9890DF0E73C5}.Release|Win32.ActiveCfg = Release|Win32
		{68F2AA4E-3774-4A03-947D-9890DF0E73C5}.Release|Win32.Build.0 = Release|Win32
		{68F2AA4E-3774-4A03-947D-9890DF0E73C5}.Release|x64.ActiveCfg = Release|Win32
		{3F97A697-44DB-4A22-A5F3-7168A990B3C0}.Debug|Win32.ActiveCfg = Debug|Win32
		{3F97A697-44DB-4A22-A5F3-7168A990B3C0}.Debug|Win32.Build.0 = Debug|Win32
		{3F97A697-44DB-4A22-A5F3-7168A990B3C0}.Debug|x64.ActiveCfg = Debug|Win32
		{3F97A697-44DB-4A22-A5F3-7168A990B3C0}.Release|Win32.ActiveCfg = Release|Win32
		{3F97A697-44DB-4A22-A5F3-7168A990B3C0}.Release|Win32.Build.0 = Release|Win32
		{3F97A697-44DB-4A22-A5F3-7168A990B3C0}.Release|x64.ActiveCfg = Release|Win32
		{E38D5A31-C96D-437E-A495-4314EF198CEB}.Debug|Win32.ActiveCfg = Debug|Win32
		{E38D5A31-C96D-437E-A495-4314EF198CEB}.Debug|Win32.Build.0 = Debug|Win32
		{E38D5A31-C96D-437E-A495-4314EF198CEB}.Debug|x64.ActiveCfg = Debug|Win32
		{E38D5A31-C96D-437E-A495-4314EF198CEB}.Release|Win32.ActiveCfg = Release|Win32
		{E38D5A31-C96D-437E-A495-4314EF198CEB}.Release|Win32.Build.0 = Release|Win32
		{E38D5A31-C96D-437E-A495-4314EF198CEB}.Release|x64.ActiveCfg = Release|Win32
		{A3B0AACD-C28C-4E02-9385-901383E91AF5}.Debug|Win32.ActiveCfg = Debug|Win32
		{A3B0AACD-C28C-4E02-9385-901383E91AF5}.Debug|Win32.Build.0 = Debug|Win32
		{A3B0AACD-C28C-4E02-9385-901383E91AF5}.Debug|x64.ActiveCfg = Debug|Win32
		{A3B0AACD-C28C-4E02-9385-901383E91AF5}.Release|Win32.ActiveCfg = Release|Win32
		{A3B0AACD-C28C-4E02-9385-901383E91AF5}.Release|Win32.Build.0 = Release|Win32
		{A3B0AACD-C28C-4E02-9385-901383E91AF5}.Release|x64.ActiveCfg = Release|Win32
		{1DE45393-14EC-4D29-A2F8-61FC60C2C286}.Debug|Win32.ActiveCfg = Debug|Win32
		{1DE45393-14EC-4D29-A2F8-61FC60C2C286}.Debug|Win32.Build.0 = Debug|Win32
		{1DE45393-14EC-4D29-A2F8-61FC60C2C286}.Debug|x64.ActiveCfg = Debug|Win32
		{1DE45393-14EC-4D29-A2F8-61FC60C2C286}.Release|Win32.ActiveCfg = Release|Win32
		{1DE45393-14EC-4D29-A2F8-61FC60C2C286}.Release|Win32.Build.0 = Release|Win32
		{1DE45393-14EC-4D29-A2F8-61FC60C2C286}.Release|x64.ActiveCfg = Release|Win32
		{16DA84DA-79DC-4631-B5A6-4D31433433AD}.Debug|Win32.ActiveCfg = Debug|Win32
		{16DA84DA-79DC-4631-B5A6-4D31433433AD}.Debug|Win32.Build.0 = Debug|Win32
		{16DA84DA-79DC-4631-B5A6-4D31433433AD}.Debug|x64.ActiveCfg = Debug|Win32
		{16DA84DA-79DC-4631-B5A6-4D31433433AD}.Release|Win32.ActiveCfg = Release|Win32
		{16DA84DA-79DC-4631-B5A6-4D31433433AD}.Release|Win32.Build.0 = Release|Win32
		{16DA84DA-79DC-4631-B5A6-4D31433433AD}.Release|x64.ActiveCfg = Release|Win32
		{828862FD-26AA-46FB-9F5B-92C6F522FE4F}.Debug|Win32.ActiveCfg = Debug|Win32
		{828862FD-26AA-46FB-9F5B-92C6F522FE4F}.Debug|Win32.Build.0 = Debug|Win32
		{828862FD-26AA-46FB-9F5B-92C6F522FE4F}.Debug|x64.ActiveCfg = Debug|x64
		{828862FD-26AA-46FB-9F5B-92C6F522FE4F}.Debug|x64.Build.0 = Debug|x64
		{828862FD-26AA-46FB-9F5B-92C6F522FE4F}.Release|Win32.ActiveCfg = Release|Win32
		{828862FD-26AA-46FB-9F5B-92C6F522FE4F}.Release|Win32.Build.0 = Release|Win32
		{828862FD-26AA-46FB-9F5B-92C6F522FE4F}.Release|x64.ActiveCfg = Release|x64
		{828862FD-26AA-46FB-9F5B-92C6F522FE4F}.Release|x64.Build.0 = Release|x64
	EndGlobalSection
	GlobalSection(SolutionProperties) = preSolution
		HideSolutionNode = FALSE
	EndGlobalSection
	GlobalSection(ExtensibilityGlobals) = postSolution
		SolutionGuid = {0A227520-1738-42C2-9AE2-EF26E79F1315}
	EndGlobalSection
EndGlobal
