
Microsoft Visual Studio Solution File, Format Version 9.00
# Visual Studio 2005
Project("{FAE04EC0-301F-11D3-BF4B-00C04F79EFBC}") = "UnitTestsForSimmetrics", "UnitTestsForSimmetrics\UnitTestsForSimmetrics.csproj", "{ED489923-0278-48E8-AECC-E074F25B5816}"
EndProject
Project("{2150E333-8FDC-42A3-9474-1A3956D46DE8}") = "UnitTests", "UnitTests", "{D863CDBE-3C7E-49EF-8823-017259602723}"
EndProject
Project("{2150E333-8FDC-42A3-9474-1A3956D46DE8}") = "LiveSource", "LiveSource", "{F398A27E-FBB2-448A-AC81-13FE981439F3}"
EndProject
Project("{FAE04EC0-301F-11D3-BF4B-00C04F79EFBC}") = "SimMetrics", "SimMetrics\SimMetrics.csproj", "{F32FB1E4-BA2C-4732-AA06-07AE9DAC3CF2}"
EndProject
Project("{2150E333-8FDC-42A3-9474-1A3956D46DE8}") = "UnusedSource", "UnusedSource", "{614A6C19-6C80-475F-A4B2-57F716BE7DA5}"
	ProjectSection(SolutionItems) = preProject
		ReadMe.txt = ReadMe.txt
	EndProjectSection
EndProject
Project("{FAE04EC0-301F-11D3-BF4B-00C04F79EFBC}") = "UnusedCode", "UnusedCode\UnusedCode.csproj", "{E2E009D1-0CD1-4DFA-B58B-143AA19A7FAE}"
EndProject
Global
	GlobalSection(SolutionConfigurationPlatforms) = preSolution
		Debug|Any CPU = Debug|Any CPU
		Release|Any CPU = Release|Any CPU
	EndGlobalSection
	GlobalSection(ProjectConfigurationPlatforms) = postSolution
		{ED489923-0278-48E8-AECC-E074F25B5816}.Debug|Any CPU.ActiveCfg = Debug|Any CPU
		{ED489923-0278-48E8-AECC-E074F25B5816}.Debug|Any CPU.Build.0 = Debug|Any CPU
		{ED489923-0278-48E8-AECC-E074F25B5816}.Release|Any CPU.ActiveCfg = Release|Any CPU
		{ED489923-0278-48E8-AECC-E074F25B5816}.Release|Any CPU.Build.0 = Release|Any CPU
		{F32FB1E4-BA2C-4732-AA06-07AE9DAC3CF2}.Debug|Any CPU.ActiveCfg = Debug|Any CPU
		{F32FB1E4-BA2C-4732-AA06-07AE9DAC3CF2}.Debug|Any CPU.Build.0 = Debug|Any CPU
		{F32FB1E4-BA2C-4732-AA06-07AE9DAC3CF2}.Release|Any CPU.ActiveCfg = Release|Any CPU
		{F32FB1E4-BA2C-4732-AA06-07AE9DAC3CF2}.Release|Any CPU.Build.0 = Release|Any CPU
		{E2E009D1-0CD1-4DFA-B58B-143AA19A7FAE}.Debug|Any CPU.ActiveCfg = Debug|Any CPU
		{E2E009D1-0CD1-4DFA-B58B-143AA19A7FAE}.Debug|Any CPU.Build.0 = Debug|Any CPU
		{E2E009D1-0CD1-4DFA-B58B-143AA19A7FAE}.Release|Any CPU.ActiveCfg = Release|Any CPU
		{E2E009D1-0CD1-4DFA-B58B-143AA19A7FAE}.Release|Any CPU.Build.0 = Release|Any CPU
	EndGlobalSection
	GlobalSection(SolutionProperties) = preSolution
		HideSolutionNode = FALSE
	EndGlobalSection
	GlobalSection(NestedProjects) = preSolution
		{ED489923-0278-48E8-AECC-E074F25B5816} = {D863CDBE-3C7E-49EF-8823-017259602723}
		{F32FB1E4-BA2C-4732-AA06-07AE9DAC3CF2} = {F398A27E-FBB2-448A-AC81-13FE981439F3}
		{E2E009D1-0CD1-4DFA-B58B-143AA19A7FAE} = {614A6C19-6C80-475F-A4B2-57F716BE7DA5}
	EndGlobalSection
EndGlobal
